// !$*UTF8*$!
{
	archiveVersion = 1;
	classes = {
	};
	objectVersion = 46;
	objects = {

/* Begin PBXBuildFile section */
		5F8D6B7F1DD25E9B0010A44B /* AppDelegate.swift in Sources */ = {isa = PBXBuildFile; fileRef = 5F8D6B7E1DD25E9B0010A44B /* AppDelegate.swift */; };
		5F8D6B811DD25E9B0010A44B /* ViewController.swift in Sources */ = {isa = PBXBuildFile; fileRef = 5F8D6B801DD25E9B0010A44B /* ViewController.swift */; };
		5F8D6B841DD25E9B0010A44B /* Main.storyboard in Resources */ = {isa = PBXBuildFile; fileRef = 5F8D6B821DD25E9B0010A44B /* Main.storyboard */; };
		5F8D6B861DD25E9B0010A44B /* Assets.xcassets in Resources */ = {isa = PBXBuildFile; fileRef = 5F8D6B851DD25E9B0010A44B /* Assets.xcassets */; };
		5F8D6B891DD25E9B0010A44B /* LaunchScreen.storyboard in Resources */ = {isa = PBXBuildFile; fileRef = 5F8D6B871DD25E9B0010A44B /* LaunchScreen.storyboard */; };
/* End PBXBuildFile section */

/* Begin PBXFileReference section */
		5F8D6B7B1DD25E9A0010A44B /* FixToledo.app */ = {isa = PBXFileReference; explicitFileType = wrapper.application; includeInIndex = 0; path = FixToledo.app; sourceTree = BUILT_PRODUCTS_DIR; };
		5F8D6B7E1DD25E9B0010A44B /* AppDelegate.swift */ = {isa = PBXFileReference; lastKnownFileType = sourcecode.swift; path = AppDelegate.swift; sourceTree = "<group>"; };
		5F8D6B801DD25E9B0010A44B /* ViewController.swift */ = {isa = PBXFileReference; lastKnownFileType = sourcecode.swift; path = ViewController.swift; sourceTree = "<group>"; };
		5F8D6B831DD25E9B0010A44B /* Base */ = {isa = PBXFileReference; lastKnownFileType = file.storyboard; name = Base; path = Base.lproj/Main.storyboard; sourceTree = "<group>"; };
		5F8D6B851DD25E9B0010A44B /* Assets.xcassets */ = {isa = PBXFileReference; lastKnownFileType = folder.assetcatalog; path = Assets.xcassets; sourceTree = "<group>"; };
		5F8D6B881DD25E9B0010A44B /* Base */ = {isa = PBXFileReference; lastKnownFileType = file.storyboard; name = Base; path = Base.lproj/LaunchScreen.storyboard; sourceTree = "<group>"; };
		5F8D6B8A1DD25E9B0010A44B /* Info.plist */ = {isa = PBXFileReference; lastKnownFileType = text.plist.xml; path = Info.plist; sourceTree = "<group>"; };
/* End PBXFileReference section */

/* Begin PBXFrameworksBuildPhase section */
		5F8D6B781DD25E9A0010A44B /* Frameworks */ = {
			isa = PBXFrameworksBuildPhase;
			buildActionMask = 2147483647;
			files = (
			);
			runOnlyForDeploymentPostprocessing = 0;
		};
/* End PBXFrameworksBuildPhase section */

/* Begin PBXGroup section */
		5F8D6B721DD25E9A0010A44B = {
			isa = PBXGroup;
			children = (
				5F8D6B7D1DD25E9A0010A44B /* FixToledo */,
				5F8D6B7C1DD25E9A0010A44B /* Products */,
			);
			sourceTree = "<group>";
		};
		5F8D6B7C1DD25E9A0010A44B /* Products */ = {
			isa = PBXGroup;
			children = (
				5F8D6B7B1DD25E9A0010A44B /* FixToledo.app */,
			);
			name = Products;
			sourceTree = "<group>";
		};
		5F8D6B7D1DD25E9A0010A44B /* FixToledo */ = {
			isa = PBXGroup;
			children = (
				5F8D6B7E1DD25E9B0010A44B /* AppDelegate.swift */,
				5F8D6B801DD25E9B0010A44B /* ViewController.swift */,
				5F8D6B821DD25E9B0010A44B /* Main.storyboard */,
				5F8D6B851DD25E9B0010A44B /* Assets.xcassets */,
				5F8D6B871DD25E9B0010A44B /* LaunchScreen.storyboard */,
				5F8D6B8A1DD25E9B0010A44B /* Info.plist */,
			);
			path = FixToledo;
			sourceTree = "<group>";
		};
/* End PBXGroup section */

/* Begin PBXNativeTarget section */
		5F8D6B7A1DD25E9A0010A44B /* FixToledo */ = {
			isa = PBXNativeTarget;
			buildConfigurationList = 5F8D6B8D1DD25E9B0010A44B /* Build configuration list for PBXNativeTarget "FixToledo" */;
			buildPhases = (
				5F8D6B771DD25E9A0010A44B /* Sources */,
				5F8D6B781DD25E9A0010A44B /* Frameworks */,
				5F8D6B791DD25E9A0010A44B /* Resources */,
			);
			buildRules = (
			);
			dependencies = (
			);
			name = FixToledo;
			productName = FixToledo;
			productReference = 5F8D6B7B1DD25E9A0010A44B /* FixToledo.app */;
			productType = "com.apple.product-type.application";
		};
/* End PBXNativeTarget section */

/* Begin PBXProject section */
		5F8D6B731DD25E9A0010A44B /* Project object */ = {
			isa = PBXProject;
			attributes = {
				LastSwiftUpdateCheck = 0730;
				LastUpgradeCheck = 0730;
				ORGANIZATIONNAME = "Yoana Ugarte García";
				TargetAttributes = {
					5F8D6B7A1DD25E9A0010A44B = {
						CreatedOnToolsVersion = 7.3;
					};
				};
			};
			buildConfigurationList = 5F8D6B761DD25E9A0010A44B /* Build configuration list for PBXProject "FixToledo" */;
			compatibilityVersion = "Xcode 3.2";
			developmentRegion = English;
			hasScannedForEncodings = 0;
			knownRegions = (
				en,
				Base,
			);
			mainGroup = 5F8D6B721DD25E9A0010A44B;
			productRefGroup = 5F8D6B7C1DD25E9A0010A44B /* Products */;
			projectDirPath = "";
			projectRoot = "";
			targets = (
				5F8D6B7A1DD25E9A0010A44B /* FixToledo */,
			);
		};
/* End PBXProject section */

/* Begin PBXResourcesBuildPhase section */
		5F8D6B791DD25E9A0010A44B /* Resources */ = {
			isa = PBXResourcesBuildPhase;
			buildActionMask = 2147483647;
			files = (
				5F8D6B891DD25E9B0010A44B /* LaunchScreen.storyboard in Resources */,
				5F8D6B861DD25E9B0010A44B /* Assets.xcassets in Resources */,
				5F8D6B841DD25E9B0010A44B /* Main.storyboard in Resources */,
			);
			runOnlyForDeploymentPostprocessing = 0;
		};
/* End PBXResourcesBuildPhase section */

/* Begin PBXSourcesBuildPhase section */
		5F8D6B771DD25E9A0010A44B /* Sources */ = {
			isa = PBXSourcesBuildPhase;
			buildActionMask = 2147483647;
			files = (
				5F8D6B811DD25E9B0010A44B /* ViewController.swift in Sources */,
				5F8D6B7F1DD25E9B0010A44B /* AppDelegate.swift in Sources */,
			);
			runOnlyForDeploymentPostprocessing = 0;
		};
/* End PBXSourcesBuildPhase section */

/* Begin PBXVariantGroup section */
		5F8D6B821DD25E9B0010A44B /* Main.storyboard */ = {
			isa = PBXVariantGroup;
			children = (
				5F8D6B831DD25E9B0010A44B /* Base */,
			);
			name = Main.storyboard;
			sourceTree = "<group>";
		};
		5F8D6B871DD25E9B0010A44B /* LaunchScreen.storyboard */ = {
			isa = PBXVariantGroup;
			children = (
				5F8D6B881DD25E9B0010A44B /* Base */,
			);
			name = LaunchScreen.storyboard;
			sourceTree = "<group>";
		};
/* End PBXVariantGroup section */

/* Begin XCBuildConfiguration section */
		5F8D6B8B1DD25E9B0010A44B /* Debug */ = {
			isa = XCBuildConfiguration;
			buildSettings = {
				ALWAYS_SEARCH_USER_PATHS = NO;
				CLANG_ANALYZER_NONNULL = YES;
				CLANG_CXX_LANGUAGE_STANDARD = "gnu++0x";
				CLANG_CXX_LIBRARY = "libc++";
				CLANG_ENABLE_MODULES = YES;
				CLANG_ENABLE_OBJC_ARC = YES;
				CLANG_WARN_BOOL_CONVERSION = YES;
				CLANG_WARN_CONSTANT_CONVERSION = YES;
				CLANG_WARN_DIRECT_OBJC_ISA_USAGE = YES_ERROR;
				CLANG_WARN_EMPTY_BODY = YES;
				CLANG_WARN_ENUM_CONVERSION = YES;
				CLANG_WARN_INT_CONVERSION = YES;
				CLANG_WARN_OBJC_ROOT_CLASS = YES_ERROR;
				CLANG_WARN_UNREACHABLE_CODE = YES;
				CLANG_WARN__DUPLICATE_METHOD_MATCH = YES;
				"CODE_SIGN_IDENTITY[sdk=iphoneos*]" = "iPhone Developer";
				COPY_PHASE_STRIP = NO;
				DEBUG_INFORMATION_FORMAT = dwarf;
				ENABLE_STRICT_OBJC_MSGSEND = YES;
				ENABLE_TESTABILITY = YES;
				GCC_C_LANGUAGE_STANDARD = gnu99;
				GCC_DYNAMIC_NO_PIC = NO;
				GCC_NO_COMMON_BLOCKS = YES;
				GCC_OPTIMIZATION_LEVEL = 0;
				GCC_PREPROCESSOR_DEFINITIONS = (
					"DEBUG=1",
					"$(inherited)",
				);
				GCC_WARN_64_TO_32_BIT_CONVERSION = YES;
				GCC_WARN_ABOUT_RETURN_TYPE = YES_ERROR;
				GCC_WARN_UNDECLARED_SELECTOR = YES;
				GCC_WARN_UNINITIALIZED_AUTOS = YES_AGGRESSIVE;
				GCC_WARN_UNUSED_FUNCTION = YES;
				GCC_WARN_UNUSED_VARIABLE = YES;
				IPHONEOS_DEPLOYMENT_TARGET = 9.3;
				MTL_ENABLE_DEBUG_INFO = YES;
				ONLY_ACTIVE_ARCH = YES;
				SDKROOT = iphoneos;
				SWIFT_OPTIMIZATION_LEVEL = "-Onone";
			};
			name = Debug;
		};
		5F8D6B8C1DD25E9B0010A44B /* Release */ = {
			isa = XCBuildConfiguration;
			buildSettings = {
				ALWAYS_SEARCH_USER_PATHS = NO;
				CLANG_ANALYZER_NONNULL = YES;
				CLANG_CXX_LANGUAGE_STANDARD = "gnu++0x";
				CLANG_CXX_LIBRARY = "libc++";
				CLANG_ENABLE_MODULES = YES;
				CLANG_ENABLE_OBJC_ARC = YES;
				CLANG_WARN_BOOL_CONVERSION = YES;
				CLANG_WARN_CONSTANT_CONVERSION = YES;
				CLANG_WARN_DIRECT_OBJC_ISA_USAGE = YES_ERROR;
				CLANG_WARN_EMPTY_BODY = YES;
				CLANG_WARN_ENUM_CONVERSION = YES;
				CLANG_WARN_INT_CONVERSION = YES;
				CLANG_WARN_OBJC_ROOT_CLASS = YES_ERROR;
				CLANG_WARN_UNREACHABLE_CODE = YES;
				CLANG_WARN__DUPLICATE_METHOD_MATCH = YES;
				"CODE_SIGN_IDENTITY[sdk=iphoneos*]" = "iPhone Developer";
				COPY_PHASE_STRIP = NO;
				DEBUG_INFORMATION_FORMAT = "dwarf-with-dsym";
				ENABLE_NS_ASSERTIONS = NO;
				ENABLE_STRICT_OBJC_MSGSEND = YES;
				GCC_C_LANGUAGE_STANDARD = gnu99;
				GCC_NO_COMMON_BLOCKS = YES;
				GCC_WARN_64_TO_32_BIT_CONVERSION = YES;
				GCC_WARN_ABOUT_RETURN_TYPE = YES_ERROR;
				GCC_WARN_UNDECLARED_SELECTOR = YES;
				GCC_WARN_UNINITIALIZED_AUTOS = YES_AGGRESSIVE;
				GCC_WARN_UNUSED_FUNCTION = YES;
				GCC_WARN_UNUSED_VARIABLE = YES;
				IPHONEOS_DEPLOYMENT_TARGET = 9.3;
				MTL_ENABLE_DEBUG_INFO = NO;
				SDKROOT = iphoneos;
				VALIDATE_PRODUCT = YES;
			};
			name = Release;
		};
		5F8D6B8E1DD25E9B0010A44B /* Debug */ = {
			isa = XCBuildConfiguration;
			buildSettings = {
				ASSETCATALOG_COMPILER_APPICON_NAME = AppIcon;
				INFOPLIST_FILE = FixToledo/Info.plist;
				LD_RUNPATH_SEARCH_PATHS = "$(inherited) @executable_path/Frameworks";
				PRODUCT_BUNDLE_IDENTIFIER = com.yugarte.FixToledo;
				PRODUCT_NAME = "$(TARGET_NAME)";
			};
			name = Debug;
		};
		5F8D6B8F1DD25E9B0010A44B /* Release */ = {
			isa = XCBuildConfiguration;
			buildSettings = {
				ASSETCATALOG_COMPILER_APPICON_NAME = AppIcon;
				INFOPLIST_FILE = FixToledo/Info.plist;
				LD_RUNPATH_SEARCH_PATHS = "$(inherited) @executable_path/Frameworks";
				PRODUCT_BUNDLE_IDENTIFIER = com.yugarte.FixToledo;
				PRODUCT_NAME = "$(TARGET_NAME)";
			};
			name = Release;
		};
/* End XCBuildConfiguration section */

/* Begin XCConfigurationList section */
		5F8D6B761DD25E9A0010A44B /* Build configuration list for PBXProject "FixToledo" */ = {
			isa = XCConfigurationList;
			buildConfigurations = (
				5F8D6B8B1DD25E9B0010A44B /* Debug */,
				5F8D6B8C1DD25E9B0010A44B /* Release */,
			);
			defaultConfigurationIsVisible = 0;
			defaultConfigurationName = Release;
		};
		5F8D6B8D1DD25E9B0010A44B /* Build configuration list for PBXNativeTarget "FixToledo" */ = {
			isa = XCConfigurationList;
			buildConfigurations = (
				5F8D6B8E1DD25E9B0010A44B /* Debug */,
				5F8D6B8F1DD25E9B0010A44B /* Release */,
			);
			defaultConfigurationIsVisible = 0;
		};
/* End XCConfigurationList section */
	};
	rootObject = 5F8D6B731DD25E9A0010A44B /* Project object */;
}
